
Microsoft Visual Studio Solution File, Format Version 12.00
# Visual Studio Version 16
VisualStudioVersion = 16.0.30717.126
MinimumVisualStudioVersion = 10.0.40219.1
Project("{9A19103F-16F7-4668-BE54-9A1E7A4F7556}") = "DataAccess", "DataAccess\DataAccess.csproj", "{5A8056F1-ABFF-4251-8263-623744B17B6B}"
EndProject
Project("{9A19103F-16F7-4668-BE54-9A1E7A4F7556}") = "Business", "Business\Business.csproj", "{33340011-6BDF-4977-B502-427839DA91EE}"
EndProject
Project("{9A19103F-16F7-4668-BE54-9A1E7A4F7556}") = "Entities", "Entities\Entities.csproj", "{8E2DC542-A20B-43E7-B388-70C9FAC56B2F}"
EndProject
Project("{9A19103F-16F7-4668-BE54-9A1E7A4F7556}") = "ConsoleUI", "ConsoleUI\ConsoleUI.csproj", "{B6B3CE19-487F-4A4E-B8E3-F0E4636898CF}"
EndProject
Project("{9A19103F-16F7-4668-BE54-9A1E7A4F7556}") = "Core", "Core\Core.csproj", "{1D9AEA2F-4015-4DFD-AACB-75AD2D051068}"
EndProject
Project("{FAE04EC0-301F-11D3-BF4B-00C04F79EFBC}") = "WebAPI", "WebAPI\WebAPI.csproj", "{F7770C9A-210F-4964-98FF-C514F5FD1585}"
EndProject
Global
	GlobalSection(SolutionConfigurationPlatforms) = preSolution
		Debug|Any CPU = Debug|Any CPU
		Release|Any CPU = Release|Any CPU
	EndGlobalSection
	GlobalSection(ProjectConfigurationPlatforms) = postSolution
		{5A8056F1-ABFF-4251-8263-623744B17B6B}.Debug|Any CPU.ActiveCfg = Debug|Any CPU
		{5A8056F1-ABFF-4251-8263-623744B17B6B}.Debug|Any CPU.Build.0 = Debug|Any CPU
		{5A8056F1-ABFF-4251-8263-623744B17B6B}.Release|Any CPU.ActiveCfg = Release|Any CPU
		{5A8056F1-ABFF-4251-8263-623744B17B6B}.Release|Any CPU.Build.0 = Release|Any CPU
		{33340011-6BDF-4977-B502-427839DA91EE}.Debug|Any CPU.ActiveCfg = Debug|Any CPU
		{33340011-6BDF-4977-B502-427839DA91EE}.Debug|Any CPU.Build.0 = Debug|Any CPU
		{33340011-6BDF-4977-B502-427839DA91EE}.Release|Any CPU.ActiveCfg = Release|Any CPU
		{33340011-6BDF-4977-B502-427839DA91EE}.Release|Any CPU.Build.0 = Release|Any CPU
		{8E2DC542-A20B-43E7-B388-70C9FAC56B2F}.Debug|Any CPU.ActiveCfg = Debug|Any CPU
		{8E2DC542-A20B-43E7-B388-70C9FAC56B2F}.Debug|Any CPU.Build.0 = Debug|Any CPU
		{8E2DC542-A20B-43E7-B388-70C9FAC56B2F}.Release|Any CPU.ActiveCfg = Release|Any CPU
		{8E2DC542-A20B-43E7-B388-70C9FAC56B2F}.Release|Any CPU.Build.0 = Release|Any CPU
		{B6B3CE19-487F-4A4E-B8E3-F0E4636898CF}.Debug|Any CPU.ActiveCfg = Debug|Any CPU
		{B6B3CE19-487F-4A4E-B8E3-F0E4636898CF}.Debug|Any CPU.Build.0 = Debug|Any CPU
		{B6B3CE19-487F-4A4E-B8E3-F0E4636898CF}.Release|Any CPU.ActiveCfg = Release|Any CPU
		{B6B3CE19-487F-4A4E-B8E3-F0E4636898CF}.Release|Any CPU.Build.0 = Release|Any CPU
		{1D9AEA2F-4015-4DFD-AACB-75AD2D051068}.Debug|Any CPU.ActiveCfg = Debug|Any CPU
		{1D9AEA2F-4015-4DFD-AACB-75AD2D051068}.Debug|Any CPU.Build.0 = Debug|Any CPU
		{1D9AEA2F-4015-4DFD-AACB-75AD2D051068}.Release|Any CPU.ActiveCfg = Release|Any CPU
		{1D9AEA2F-4015-4DFD-AACB-75AD2D051068}.Release|Any CPU.Build.0 = Release|Any CPU
		{F7770C9A-210F-4964-98FF-C514F5FD1585}.Debug|Any CPU.ActiveCfg = Debug|Any CPU
		{F7770C9A-210F-4964-98FF-C514F5FD1585}.Debug|Any CPU.Build.0 = Debug|Any CPU
		{F7770C9A-210F-4964-98FF-C514F5FD1585}.Release|Any CPU.ActiveCfg = Release|Any CPU
		{F7770C9A-210F-4964-98FF-C514F5FD1585}.Release|Any CPU.Build.0 = Release|Any CPU
	EndGlobalSection
	GlobalSection(SolutionProperties) = preSolution
		HideSolutionNode = FALSE
	EndGlobalSection
	GlobalSection(ExtensibilityGlobals) = postSolution
		SolutionGuid = {A5D7B694-FAB0-4989-8C46-5F9CEC088C72}
	EndGlobalSection
EndGlobal
